# This file is autogenerated, do not edit; changes may be undone by the next 'dep ensure'.


[[projects]]
  branch = "master"
  digest = "1:e7607a6e2cdf80c5e532ccdde7df1e13959c4c2094cfb3dcdb0f98863ee36c1c"
  name = "github.com/RichardKnop/logging"
  packages = ["."]
  pruneopts = "UT"
  revision = "66aaaba182584c20ec574b064975974f92f0936a"

[[projects]]
  branch = "master"
  digest = "1:3955607ae8ef21b1b80b7b97c279cda8afe254184f516ae3be80b877bcf3ce89"
  name = "github.com/RichardKnop/machinery"
  packages = [
    "v1",
    "v1/backends",
    "v1/brokers",
    "v1/common",
    "v1/config",
    "v1/log",
    "v1/retry",
    "v1/tasks",
  ]
  pruneopts = "UT"
  revision = "c5e057032f00db21ac4deb39bb3bc5eaa2112cff"

[[projects]]
  digest = "1:e92f5581902c345eb4ceffdcd4a854fb8f73cf436d47d837d1ec98ef1fe0a214"
  name = "github.com/StackExchange/wmi"
  packages = ["."]
  pruneopts = "UT"
  revision = "5d049714c4a64225c3c79a7cf7d02f7fb5b96338"
  version = "1.0.0"

[[projects]]
  branch = "master"
  digest = "1:0f58bf4103da77bfd026185b49755f4cd020fec4f12657ea4609d9de4593513c"
  name = "github.com/ajg/form"
  packages = ["."]
  pruneopts = "UT"
  revision = "523a5da1a92f01b01f840b61689c0340a0243532"

[[projects]]
  digest = "1:014e79cf5c422dd0547a87bde33c7f7b3cd29116a96fac8897c7e50f18531dea"
  name = "github.com/aws/aws-lambda-go"
  packages = [
    "events",
    "lambda",
    "lambda/messages",
    "lambdacontext",
  ]
  pruneopts = "UT"
  revision = "2d482ef09017ae953b1e8d5a6ddac5b696663a3c"
  version = "v1.6.0"

[[projects]]
  branch = "master"
  digest = "1:f1f59a0606e95c77a820e2704afa51e21e4a97c3d4a5fd25f7874f81983886a9"
  name = "github.com/aws/aws-sdk-go"
  packages = [
    "aws",
    "aws/awserr",
    "aws/awsutil",
    "aws/client",
    "aws/client/metadata",
    "aws/corehandlers",
    "aws/credentials",
    "aws/credentials/ec2rolecreds",
    "aws/credentials/endpointcreds",
    "aws/credentials/stscreds",
    "aws/defaults",
    "aws/ec2metadata",
    "aws/endpoints",
    "aws/request",
    "aws/session",
    "aws/signer/v4",
    "internal/shareddefaults",
    "private/protocol",
    "private/protocol/query",
    "private/protocol/query/queryutil",
    "private/protocol/rest",
    "private/protocol/xml/xmlutil",
    "service/sqs",
    "service/sqs/sqsiface",
    "service/sts",
  ]
  pruneopts = "UT"
  revision = "00cca3f093a8236a93fbbeeae7d28ad83811683c"

[[projects]]
  branch = "master"
  digest = "1:d8f9145c361920507a4f85ffb7f70b96beaedacba2ce8c00aa663adb08689d3e"
  name = "github.com/bradfitz/gomemcache"
  packages = ["memcache"]
  pruneopts = "UT"
  revision = "1952afaa557dc08e8e0d89eafab110fb501c1a2b"

[[projects]]
  digest = "1:2209584c0f7c9b68c23374e659357ab546e1b70eec2761f03280f69a8fd23d77"
  name = "github.com/cenkalti/backoff"
  packages = ["."]
  pruneopts = "UT"
  revision = "2ea60e5f094469f9e65adb9cd103795b73ae743e"
  version = "v2.0.0"

[[projects]]
  digest = "1:fed1f537c2f1269fe475a8556c393fe466641682d73ef8fd0491cd3aa1e47bad"
  name = "github.com/certifi/gocertifi"
  packages = ["."]
  pruneopts = "UT"
  revision = "deb3ae2ef2610fde3330947281941c562861188b"
  version = "2018.01.18"

[[projects]]
  branch = "master"
  digest = "1:1f7f77f3320fee4b173abc1fbbafc7ce17c99dfd0bf79ce080c0bf73a83c31f8"
  name = "github.com/davecgh/go-spew"
  packages = ["spew"]
  pruneopts = "UT"
  revision = "ecdeabc65495df2dec95d7c4a4c3e021903035e5"

[[projects]]
  branch = "master"
  digest = "1:6146fc194a59ab33c30f7a25b35153559dd88913691a10999334a15ee06bf823"
  name = "github.com/dukex/mixpanel"
  packages = ["."]
  pruneopts = "UT"
  revision = "53bfdf679eecb9731ac23f01a89d8a6904f09037"

[[projects]]
  digest = "1:865079840386857c809b72ce300be7580cb50d3d3129ce11bf9aa6ca2bc1934a"
  name = "github.com/fatih/color"
  packages = ["."]
  pruneopts = "UT"
  revision = "5b77d2a35fb0ede96d138fc9a99f5c9b6aef11b4"
  version = "v1.7.0"

[[projects]]
  branch = "master"
  digest = "1:14f498fc55a89776c562fa3510aeb7687356944a560c561c0e617af5f9c5f2c7"
  name = "github.com/fatih/structs"
  packages = ["."]
  pruneopts = "UT"
  revision = "ebf56d35bba727c68ac77f56f2fcf90b181851aa"

[[projects]]
  digest = "1:d28347c2e8e3b4db1dc17f8188d997402c59ad85bd33288b5b92515d6d89d072"
  name = "github.com/garyburd/redigo"
  packages = [
    "internal",
    "redis",
  ]
  pruneopts = "UT"
  revision = "d1ed5c67e5794de818ea85e6b522fda02623a484"
  version = "1.3.0"

[[projects]]
  branch = "master"
  digest = "1:2d2a4b9fce4d0a808476e6388fc8ab4d43f1fe5da52fb3e9a088486cc745ed89"
  name = "github.com/gavv/httpexpect"
  packages = ["."]
  pruneopts = "UT"
  revision = "c44a6d7bb636b17e880a53998a7f7061a56ffacb"

[[projects]]
  branch = "master"
  digest = "1:fbc02c2b3b78e6bc30228f3bae582f1fcea74a050cbdbf42f24eff12bef8eab4"
  name = "github.com/gavv/monotime"
  packages = ["."]
  pruneopts = "UT"
  revision = "6f8212e8d10df7383609d3c377ca08884d8f3ec0"

[[projects]]
  branch = "master"
  digest = "1:608d0fe1621755354728fbaeef8ada8b4a33001aec88b66c970e641be950d850"
  name = "github.com/getsentry/raven-go"
  packages = ["."]
  pruneopts = "UT"
  revision = "7535a8fa2ace0ffb684b19f28d00655459ea2dae"

[[projects]]
  digest = "1:50772cf1f376b08cb57b4e8e9225775d9f9f4aad8487313afcb66846ceaa5d4c"
  name = "github.com/go-ini/ini"
  packages = ["."]
  pruneopts = "UT"
  revision = "32e4c1e6bc4e7d0d8451aa6b75200d19e37a536a"
  version = "v1.32.0"

[[projects]]
  digest = "1:44c19b0501d2ae50d64ed0e4ac587c27084bd9f6d591c8fd4695f1f1339e5538"
  name = "github.com/go-kit/kit"
  packages = [
    "endpoint",
    "log",
    "transport/http",
  ]
  pruneopts = "UT"
  revision = "ca4112baa34cb55091301bdc13b1420a122b1b9e"
  version = "v0.7.0"

[[projects]]
  digest = "1:31a18dae27a29aa074515e43a443abfd2ba6deb6d69309d8d7ce789c45f34659"
  name = "github.com/go-logfmt/logfmt"
  packages = ["."]
  pruneopts = "UT"
  revision = "390ab7935ee28ec6b286364bba9b4dd6410cb3d5"
  version = "v0.3.0"

[[projects]]
  digest = "1:64a5a67c69b70c2420e607a8545d674a23778ed9c3e80607bfd17b77c6c87f6a"
  name = "github.com/go-ole/go-ole"
  packages = [
    ".",
    "oleutil",
  ]
  pruneopts = "UT"
  revision = "a41e3c4b706f6ae8dfbff342b06e40fa4d2d0506"
  version = "v1.2.1"

[[projects]]
  digest = "1:c4a2528ccbcabf90f9f3c464a5fc9e302d592861bbfd0b7135a7de8a943d0406"
  name = "github.com/go-stack/stack"
  packages = ["."]
  pruneopts = "UT"
  revision = "259ab82a6cad3992b4e21ff5cac294ccb06474bc"
  version = "v1.7.0"

[[projects]]
  branch = "master"
  digest = "1:b9dd62eb71d308d6c4b44af0bae869174975b40baab2ccd65724cefcdb561d55"
  name = "github.com/golang/mock"
  packages = ["gomock"]
  pruneopts = "UT"
  revision = "b3e60bcdc577185fce3cf625fc96b62857ce5574"

[[projects]]
  digest = "1:ffc060c551980d37ee9e428ef528ee2813137249ccebb0bfc412ef83071cac91"
  name = "github.com/golang/protobuf"
  packages = ["proto"]
  pruneopts = "UT"
  revision = "925541529c1fa6821df4e44ce2723319eb2be768"
  version = "v1.0.0"

[[projects]]
  digest = "1:79f858ec64b36ad351e625fab88cf871dafc16a9409ea54c550a8d8dc574daea"
  name = "github.com/golangci/golangci-lint"
  packages = [
    "pkg/exitcodes",
    "pkg/logutils",
    "pkg/printers",
    "pkg/report",
    "pkg/result",
  ]
  pruneopts = "UT"
  revision = "973c9fdfd8c3f4a633a1a8fd37ef3d2f0f733d54"
  version = "v1.9.3"

[[projects]]
  branch = "master"
  digest = "1:861ac9b89522b83b0080a1cda341f7ec05765defc06e20ed17f4ec1c8e973754"
  name = "github.com/golangci/golangci-shared"
  packages = [
    "pkg/apperrors",
    "pkg/config",
    "pkg/logutil",
  ]
  pruneopts = "UT"
  revision = "9200811537b3f6b44bb21d7b8649b8d5a432a195"

[[projects]]
  branch = "master"
  digest = "1:cd3ab0a1851bd2d6e72726f9b35106a5591a2c307193742257fe617430e5ea75"
  name = "github.com/golangci/golangci-worker"
  packages = [
    "app/analytics",
    "app/analyze/analyzequeue",
    "app/analyze/analyzequeue/consumers",
    "app/analyze/analyzequeue/task",
    "app/analyze/linters",
    "app/analyze/linters/golinters",
    "app/analyze/linters/result",
    "app/analyze/processors",
    "app/analyze/prstate",
    "app/analyze/reporters",
    "app/lib/errorutils",
    "app/lib/executors",
    "app/lib/fetchers",
    "app/lib/github",
    "app/lib/goutils/environments",
    "app/lib/goutils/workspaces",
    "app/lib/httputils",
    "app/lib/queue",
    "app/lib/runmode",
    "app/lib/timeutils",
  ]
  pruneopts = "UT"
  revision = "97fc92d30cca2547fba6c6c94ef27a808b177ba1"

[[projects]]
  branch = "master"
  digest = "1:0da1c926df99e4e2a43ccb6b4681cf8acb4ec2fa2819165ff887eb9e6519b947"
  name = "github.com/golangci/golib"
  packages = [
    "server/cfg",
    "server/context",
    "server/database",
    "server/handlers/helpers",
    "server/handlers/herrors",
    "server/handlers/manager",
  ]
  pruneopts = "UT"
  revision = "c4351f552d01ff20c3db46ffab6f02323194bfe3"

[[projects]]
  branch = "master"
  digest = "1:9fbd6dbf230b51f30e7cf4c7bdb5fac52f8422863e8636d20d96233ff0e7b147"
  name = "github.com/google/go-github"
  packages = ["github"]
  pruneopts = "UT"
  revision = "b1f138353a6287df5156971b3963e9107eca06a1"

[[projects]]
  branch = "master"
  digest = "1:a63cff6b5d8b95638bfe300385d93b2a6d9d687734b863da8e09dc834510a690"
  name = "github.com/google/go-querystring"
  packages = ["query"]
  pruneopts = "UT"
  revision = "53e6ce116135b80d037921a7fdd5138cf32d7a8a"

[[projects]]
  branch = "master"
  digest = "1:c79fb010be38a59d657c48c6ba1d003a8aa651fa56b579d959d74573b7dff8e1"
  name = "github.com/gorilla/context"
  packages = ["."]
  pruneopts = "UT"
  revision = "08b5f424b9271eedf6f9f0ce86cb9396ed337a42"

[[projects]]
  branch = "master"
  digest = "1:51f996854205723a4ba5f9bedbbf5e65389a520ea6dec31418a9aab625e626dc"
  name = "github.com/gorilla/mux"
  packages = ["."]
  pruneopts = "UT"
  revision = "c0091a029979286890368b4c7b301261e448e242"

[[projects]]
  branch = "master"
  digest = "1:e72d1ebb8d395cf9f346fd9cbc652e5ae222dd85e0ac842dc57f175abed6d195"
  name = "github.com/gorilla/securecookie"
  packages = ["."]
  pruneopts = "UT"
  revision = "e59506cc896acb7f7bf732d4fdf5e25f7ccd8983"

[[projects]]
  branch = "master"
  digest = "1:b780b9e037c4987485fcb144b98a0ef647f887a70ebcb01aa4f6e37a3220d521"
  name = "github.com/gorilla/sessions"
  packages = ["."]
  pruneopts = "UT"
  revision = "fe21b6a095cd8a9d41cc7f412e13d35c130383f3"

[[projects]]
  branch = "master"
  digest = "1:a3ce4de79566c21e93cb6934797fdaa587ad3fc6a964708ab77babe54ea67188"
  name = "github.com/imkira/go-interpol"
  packages = ["."]
  pruneopts = "UT"
  revision = "5accad8134979a6ac504d456a6c7f1c53da237ca"

[[projects]]
  digest = "1:235ae01f32fb5f12c5f6d2e0e05ab48e651ab31c126e45a4efc4f510810941ac"
  name = "github.com/jinzhu/gorm"
  packages = ["."]
  pruneopts = "UT"
  revision = "6ed508ec6a4ecb3531899a69cbc746ccf65a4166"
  version = "v1.9.1"

[[projects]]
  branch = "master"
  digest = "1:2cf1e05311b662e68d938f6655c6c5a44ae0e6b3995e390c75fcd8224afa48df"
  name = "github.com/jinzhu/inflection"
  packages = ["."]
  pruneopts = "UT"
  revision = "1c35d901db3da928c72a72d8458480cc9ade058f"

[[projects]]
  digest = "1:e22af8c7518e1eab6f2eab2b7d7558927f816262586cd6ed9f349c97a6c285c4"
  name = "github.com/jmespath/go-jmespath"
  packages = ["."]
  pruneopts = "UT"
  revision = "0b12d6b5"

[[projects]]
  branch = "master"
  digest = "1:d61d8b3ad76a7de84409dcfe71d4015e54129c569a616af8d62ef15a2dccae36"
  name = "github.com/joho/godotenv"
  packages = [
    ".",
    "autoload",
  ]
  pruneopts = "UT"
  revision = "6bb08516677f8c8274c557fc801bee9ab564ab2c"

[[projects]]
  branch = "master"
  digest = "1:4f5ebfe82180f3816ea3501686efb41245ab7adbb62c3af9c5e93b526b40f217"
  name = "github.com/kelseyhightower/envconfig"
  packages = ["."]
  pruneopts = "UT"
  revision = "462fda1f11d8cad3660e52737b8beefd27acfb3f"

[[projects]]
  branch = "master"
  digest = "1:4e154aae08ca3a1f6fce1e6e4c694bb958cb5f1bda5c1576b5887102ea13e18e"
  name = "github.com/klauspost/compress"
  packages = [
    "flate",
    "gzip",
    "zlib",
  ]
  pruneopts = "UT"
  revision = "b88785bfd699aa994985ea91b90ee8a1721c3fe1"

[[projects]]
  branch = "master"
  digest = "1:d8caaa1d517aa9da8f700aa58cce951c549556728928ee08ae7c81985acb8985"
  name = "github.com/klauspost/cpuid"
  packages = ["."]
  pruneopts = "UT"
  revision = "ae832f27941af41db13bd6d8efd2493e3b22415a"

[[projects]]
  branch = "master"
  digest = "1:a64e323dc06b73892e5bb5d040ced475c4645d456038333883f58934abbf6f72"
  name = "github.com/kr/logfmt"
  packages = ["."]
  pruneopts = "UT"
  revision = "b84e30acd515aadc4b783ad4ff83aff3299bdfe0"

[[projects]]
  branch = "master"
  digest = "1:f176954e0bd79a8e69966d64557848841d7ff8ce80905a8b644404d78f0bcf35"
  name = "github.com/levigross/grequests"
  packages = ["."]
  pruneopts = "UT"
  revision = "3f841d606c5aba51bee0b5bcdc6b293905836d77"

[[projects]]
  branch = "master"
  digest = "1:bd26bbaf1e9f9dfe829a88f87a0849b56f717c31785443a67668f2c752fa8412"
  name = "github.com/lib/pq"
  packages = [
    ".",
    "oid",
  ]
  pruneopts = "UT"
  revision = "88edab0803230a3898347e77b474f8c1820a1f20"

[[projects]]
  branch = "master"
  digest = "1:539b62f1bda93ccbee7d7928df7a5a4bacb27abdaf0303c90900d10ccd9018af"
  name = "github.com/markbates/goth"
  packages = [
    ".",
    "providers/github",
  ]
  pruneopts = "UT"
  revision = "24f8ac10e57e1f79339da78b7c8a4d6f0a33de49"

[[projects]]
  branch = "master"
  digest = "1:8166593ce622284374685afa435738bb61ca4525a85a0817ed26ea0e2b80c6be"
  name = "github.com/mattes/migrate"
  packages = [
    ".",
    "database",
    "database/postgres",
    "source",
    "source/file",
  ]
  pruneopts = "UT"
  revision = "d23f71b03c4a439b81ccccb2ac5090032ec5c735"

[[projects]]
  digest = "1:c658e84ad3916da105a761660dcaeb01e63416c8ec7bc62256a9b411a05fcd67"
  name = "github.com/mattn/go-colorable"
  packages = ["."]
  pruneopts = "UT"
  revision = "167de6bfdfba052fa6b2d3664c8f5272e23c9072"
  version = "v0.0.9"

[[projects]]
  digest = "1:d4d17353dbd05cb52a2a52b7fe1771883b682806f68db442b436294926bbfafb"
  name = "github.com/mattn/go-isatty"
  packages = ["."]
  pruneopts = "UT"
  revision = "0360b2af4f38e8d38c7fce2a9f4e702702d73a39"
  version = "v0.0.3"

[[projects]]
  branch = "master"
  digest = "1:7aefb397a53fc437c90f0fdb3e1419c751c5a3a165ced52325d5d797edf1aca6"
  name = "github.com/moul/http2curl"
  packages = ["."]
  pruneopts = "UT"
  revision = "9ac6cf4d929b2fa8fd2d2e6dec5bb0feb4f4911d"

[[projects]]
  digest = "1:40e195917a951a8bf867cd05de2a46aaf1806c50cf92eebf4c16f78cd196f747"
  name = "github.com/pkg/errors"
  packages = ["."]
  pruneopts = "UT"
  revision = "645ef00459ed84a119197bfb8d8205042c6df63d"
  version = "v0.8.0"

[[projects]]
  branch = "master"
  digest = "1:0028cb19b2e4c3112225cd871870f2d9cf49b9b4276531f03438a88e94be86fe"
  name = "github.com/pmezard/go-difflib"
  packages = ["difflib"]
  pruneopts = "UT"
  revision = "792786c7400a136282c1664665ae0a8db921c6c2"

[[projects]]
  branch = "master"
  digest = "1:a0a485f46e91ac246444156e40264c636f1c9b086e75a5cad754db0fdfd276e1"
  name = "github.com/rs/cors"
  packages = ["."]
  pruneopts = "UT"
  revision = "eabcc6af4bbe5ad3a949d36450326a2b0b9894b8"

[[projects]]
  digest = "1:274f67cb6fed9588ea2521ecdac05a6d62a8c51c074c1fccc6a49a40ba80e925"
  name = "github.com/satori/go.uuid"
  packages = ["."]
  pruneopts = "UT"
  revision = "f58768cc1a7a7e77a3bd49e98cdd21419399b6a3"
  version = "v1.2.0"

[[projects]]
  branch = "master"
  digest = "1:31baf46a8b01fd5ed9591e7db79a2dfce5f7707e8bcd1adef87ef8c258de89da"
  name = "github.com/savaki/amplitude-go"
  packages = ["."]
  pruneopts = "UT"
  revision = "f62e3b57c0e4d24da1fad27aa5181c59b0f7868b"

[[projects]]
  branch = "master"
  digest = "1:d917313f309bda80d27274d53985bc65651f81a5b66b820749ac7f8ef061fd04"
  name = "github.com/sergi/go-diff"
  packages = ["diffmatchpatch"]
  pruneopts = "UT"
  revision = "1744e2970ca51c86172c8190fadad617561ed6e7"

[[projects]]
  digest = "1:7395b855a6078ad2e6c40311402a057a91125fb9f32cf228e1b32cdc57c33538"
  name = "github.com/shirou/gopsutil"
  packages = [
    "cpu",
    "host",
    "internal/common",
    "mem",
    "net",
    "process",
  ]
  pruneopts = "UT"
  revision = "8048a2e9c5773235122027dd585cf821b2af1249"
  version = "v2.18.07"

[[projects]]
  branch = "master"
  digest = "1:99c6a6dab47067c9b898e8c8b13d130c6ab4ffbcc4b7cc6236c2cd0b1e344f5b"
  name = "github.com/shirou/w32"
  packages = ["."]
  pruneopts = "UT"
  revision = "bb4de0191aa41b5507caa14b0650cdbddcd9280b"

[[projects]]
  branch = "master"
  digest = "1:5622116f2c79239f2d25d47b881e14f96a8b8c17b63b8a8326a38ee1a332b007"
  name = "github.com/sirupsen/logrus"
  packages = ["."]
  pruneopts = "UT"
  revision = "d682213848ed68c0a260ca37d6dd5ace8423f5ba"

[[projects]]
  branch = "master"
  digest = "1:3dc1943a82ca7947b229943bf3538822acbdcb2ceaa374de72b8f176dc88cb5c"
  name = "github.com/streadway/amqp"
  packages = ["."]
  pruneopts = "UT"
  revision = "fc7fda2371f5327ad39211e09482845b8734cc72"

[[projects]]
  branch = "master"
  digest = "1:377c423686a14d5748372b60e18c0fbcd6079bf472c5cf325934aa598b702eb5"
  name = "github.com/stretchr/testify"
  packages = [
    "assert",
    "require",
  ]
  pruneopts = "UT"
  revision = "18a02ba4a312f95da08ff4cfc0055750ce50ae9e"

[[projects]]
  digest = "1:6dbdda95b5aacc0d4da77582c45e351d098f30fc32856058eaa774cde684d28a"
  name = "github.com/stvp/rollbar"
  packages = ["."]
  pruneopts = "UT"
  revision = "b20261800d8cda3be14dcef0d1a8320779bba61a"
  version = "v0.5.1"

[[projects]]
  branch = "master"
  digest = "1:3ea235119e8e36b349c994a0c69ff1fde99b0d3648c447aade30c0dbb7ae72a8"
  name = "github.com/urfave/negroni"
  packages = ["."]
  pruneopts = "UT"
  revision = "ff85fb036d90eda8518001242fcded1024e05c98"

[[projects]]
  branch = "master"
  digest = "1:c468422f334a6b46a19448ad59aaffdfc0a36b08fdcc1c749a0b29b6453d7e59"
  name = "github.com/valyala/bytebufferpool"
  packages = ["."]
  pruneopts = "UT"
  revision = "e746df99fe4a3986f4d4f79e13c1e0117ce9c2f7"

[[projects]]
  branch = "master"
  digest = "1:15ad8a80098fcc7a194b9db6b26d74072a852e4faa957848c8118193d3c69230"
  name = "github.com/valyala/fasthttp"
  packages = [
    ".",
    "fasthttputil",
    "stackless",
  ]
  pruneopts = "UT"
  revision = "e5f51c11919d4f66400334047b897ef0a94c6f3c"

[[projects]]
  branch = "master"
  digest = "1:bf43e36bbce8327ffb940974d64d902e2fe2ca810963386e33b162559e7c97f5"
  name = "github.com/xeipuuv/gojsonpointer"
  packages = ["."]
  pruneopts = "UT"
  revision = "6fe8760cad3569743d51ddbb243b26f8456742dc"

[[projects]]
  branch = "master"
  digest = "1:32bcfc1e3d2f83a36e1b0fb680b7363aff4154aafafde1dc4d7112b82f5151f1"
  name = "github.com/xeipuuv/gojsonreference"
  packages = ["."]
  pruneopts = "UT"
  revision = "e02fc20de94c78484cd5ffb007f8af96be030a45"

[[projects]]
  branch = "master"
  digest = "1:7191ee1e42a349a2d6050c7390ac1f5f995d38a24e9aaf40e2c4ccf3c3dbf9c8"
  name = "github.com/xeipuuv/gojsonschema"
  packages = ["."]
  pruneopts = "UT"
  revision = "511d08a359d14c0dd9c4302af52ee9abb6f93c2a"

[[projects]]
  branch = "master"
  digest = "1:64f976e5f6b9df3361b69c444da1489fb77207ddcdfbe5327f7b23210a580827"
  name = "github.com/yalp/jsonpath"
  packages = ["."]
  pruneopts = "UT"
  revision = "31a79c7593bb93eb10b163650d4a3e6ca190e4dc"

[[projects]]
  branch = "master"
  digest = "1:1a47a31d23921a7882b753fe6897c208db879e1ed743cc62546dccdd33376345"
  name = "github.com/yudai/gojsondiff"
  packages = [
    ".",
    "formatter",
  ]
  pruneopts = "UT"
  revision = "e21612694bdd50975f93cd5eaccb457477128e28"

[[projects]]
  branch = "master"
  digest = "1:0d4822d3440c9b5992704bb357061fff7ab60daa85d92dec02b81b78e4908db7"
  name = "github.com/yudai/golcs"
  packages = ["."]
  pruneopts = "UT"
  revision = "ecda9a501e8220fae3b4b600c3db4b0ba22cfc68"

[[projects]]
  branch = "master"
  digest = "1:707ec3bb6ccc1cd330b8789467fa6cd8dad40f63fed028ba777a6c2ca13a9838"
  name = "golang.org/x/crypto"
  packages = ["ssh/terminal"]
  pruneopts = "UT"
  revision = "a6600008915114d9c087fad9f03d75087b1a74df"

[[projects]]
  branch = "master"
  digest = "1:4dca732c7044bedf0c73373a4f03d45b999ca307d86669c4dbbccf5bdb163890"
  name = "golang.org/x/net"
  packages = [
    "context",
    "context/ctxhttp",
    "idna",
    "publicsuffix",
  ]
  pruneopts = "UT"
  revision = "8351a756f30f1297fe94bbf4b767ec589c6ea6d0"

[[projects]]
  branch = "master"
  digest = "1:734a6dad9cdff1251abde1d645bb9e7e208688065eef8420ca53cd171b70cb29"
  name = "golang.org/x/oauth2"
  packages = [
    ".",
    "internal",
  ]
  pruneopts = "UT"
  revision = "b28fcf2b08a19742b43084fb40ab78ac6c3d8067"

[[projects]]
  branch = "master"
  digest = "1:bdca49f740c54ab3be0dc647cc246239f78ace2445b0938004e369166d3b8c33"
  name = "golang.org/x/sys"
  packages = [
    "unix",
    "windows",
  ]
  pruneopts = "UT"
  revision = "2c42eef0765b9837fbdab12011af7830f55f88f0"

[[projects]]
  branch = "master"
  digest = "1:97337ef8cb438f9e3a99ea91a300e916ed9a96fbf3ad50f9a020d30ea9f8692f"
  name = "golang.org/x/text"
  packages = [
    "internal/gen",
    "internal/triegen",
    "internal/ucd",
    "secure/bidirule",
    "transform",
    "unicode/bidi",
    "unicode/cldr",
    "unicode/norm",
    "unicode/rangetable",
  ]
  pruneopts = "UT"
  revision = "e56139fd9c5bc7244c76116c68e500765bb6db6b"

[[projects]]
  branch = "master"
  digest = "1:c4fb9f59246ae89e57d9a7f50a92bee0bc08ba108e17055c5bbb0b90d06b805d"
  name = "golang.org/x/tools"
  packages = [
    "go/ast/astutil",
    "go/buildutil",
    "go/internal/cgo",
    "go/loader",
  ]
  pruneopts = "UT"
  revision = "f6ba5742950514ddd66494151ed5498ed77969ca"

[[projects]]
  digest = "1:9cf45e754ab2dff5f53a553e6948b994ff738e4d1092ca608dcada945d8be0ef"
  name = "google.golang.org/appengine"
  packages = [
    "internal",
    "internal/base",
    "internal/datastore",
    "internal/log",
    "internal/remote_api",
    "internal/urlfetch",
    "urlfetch",
  ]
  pruneopts = "UT"
  revision = "150dc57a1b433e64154302bdc40b6bb8aefa313a"
  version = "v1.0.0"

[[projects]]
  branch = "master"
  digest = "1:db932d4696ed23e244a69a60d258a23816aceb012a95e4c3871c711d4fc120e7"
  name = "gopkg.in/boj/redistore.v1"
  packages = ["."]
  pruneopts = "UT"
  revision = "fc113767cd6b051980f260d6dbe84b2740c46ab0"

[[projects]]
  branch = "v2"
  digest = "1:5052389c6c809eeced44ec24ff9958bfea70b9859b7a25061c6fd9086c8f8989"
  name = "gopkg.in/mgo.v2"
  packages = [
    ".",
    "bson",
    "internal/json",
    "internal/sasl",
    "internal/scram",
  ]
  pruneopts = "UT"
  revision = "3f83fa5005286a7fe593b055f0d7771a7dce4655"

[[projects]]
  digest = "1:cbf9aca426ee037bdf02ce063195cc770b8ad71ba303098eb060848b18a4f0dc"
  name = "gopkg.in/redsync.v1"
  packages = ["."]
  pruneopts = "UT"
  revision = "98dabdf1c8574561bf976911c14ff652c47b1ddf"
  version = "v1.0.1"

[[projects]]
  branch = "v2"
  digest = "1:73e6fda93622790d2371344759df06ff5ff2fac64a6b6e8832b792e7402956e7"
  name = "gopkg.in/yaml.v2"
  packages = ["."]
  pruneopts = "UT"
  revision = "d670f9405373e636a5a2765eea47fac0c9bc91a4"

[solve-meta]
  analyzer-name = "dep"
  analyzer-version = 1
  input-imports = [
    "github.com/aws/aws-lambda-go/events",
    "github.com/aws/aws-lambda-go/lambda",
    "github.com/aws/aws-sdk-go/aws",
    "github.com/aws/aws-sdk-go/aws/client",
    "github.com/aws/aws-sdk-go/aws/session",
    "github.com/aws/aws-sdk-go/service/sqs",
    "github.com/cenkalti/backoff",
    "github.com/dukex/mixpanel",
    "github.com/garyburd/redigo/redis",
    "github.com/gavv/httpexpect",
    "github.com/go-kit/kit/endpoint",
    "github.com/go-kit/kit/log",
    "github.com/go-kit/kit/transport/http",
    "github.com/golang/mock/gomock",
    "github.com/golangci/golangci-shared/pkg/apperrors",
    "github.com/golangci/golangci-shared/pkg/config",
    "github.com/golangci/golangci-shared/pkg/logutil",
    "github.com/golangci/golangci-worker/app/analyze/analyzequeue",
    "github.com/golangci/golangci-worker/app/analyze/analyzequeue/task",
    "github.com/golangci/golangci-worker/app/lib/github",
    "github.com/golangci/golangci-worker/app/lib/queue",
    "github.com/golangci/golib/server/context",
    "github.com/golangci/golib/server/database",
    "github.com/golangci/golib/server/handlers/helpers",
    "github.com/golangci/golib/server/handlers/herrors",
    "github.com/golangci/golib/server/handlers/manager",
    "github.com/google/go-github/github",
    "github.com/gorilla/mux",
    "github.com/gorilla/securecookie",
    "github.com/gorilla/sessions",
    "github.com/jinzhu/gorm",
    "github.com/joho/godotenv",
    "github.com/joho/godotenv/autoload",
    "github.com/lib/pq",
    "github.com/markbates/goth",
    "github.com/markbates/goth/providers/github",
    "github.com/mattes/migrate",
    "github.com/mattes/migrate/database/postgres",
    "github.com/mattes/migrate/source/file",
    "github.com/pkg/errors",
    "github.com/rs/cors",
    "github.com/satori/go.uuid",
    "github.com/savaki/amplitude-go",
    "github.com/sirupsen/logrus",
    "github.com/stretchr/testify/assert",
    "github.com/stretchr/testify/require",
    "github.com/urfave/negroni",
    "golang.org/x/oauth2",
    "golang.org/x/tools/go/loader",
    "gopkg.in/boj/redistore.v1",
    "gopkg.in/redsync.v1",
  ]
  solver-name = "gps-cdcl"
  solver-version = 1
